
Microsoft Visual Studio Solution File, Format Version 12.00
# Visual Studio Version 17
VisualStudioVersion = 17.8.34525.116
MinimumVisualStudioVersion = 10.0.40219.1
Project("{FAE04EC0-301F-11D3-BF4B-00C04F79EFBC}") = "StoreManagement", "StoreManagement.csproj", "{BA785D20-04AB-4A19-9FF6-649E80DA7504}"
EndProject
Global
	GlobalSection(SolutionConfigurationPlatforms) = preSolution
		Debug|Any CPU = Debug|Any CPU
		Release|Any CPU = Release|Any CPU
	EndGlobalSection
	GlobalSection(ProjectConfigurationPlatforms) = postSolution
		{BA785D20-04AB-4A19-9FF6-649E80DA7504}.Debug|Any CPU.ActiveCfg = Debug|Any CPU
		{BA785D20-04AB-4A19-9FF6-649E80DA7504}.Debug|Any CPU.Build.0 = Debug|Any CPU
		{BA785D20-04AB-4A19-9FF6-649E80DA7504}.Release|Any CPU.ActiveCfg = Release|Any CPU
		{BA785D20-04AB-4A19-9FF6-649E80DA7504}.Release|Any CPU.Build.0 = Release|Any CPU
	EndGlobalSection
	GlobalSection(SolutionProperties) = preSolution
		HideSolutionNode = FALSE
	EndGlobalSection
	GlobalSection(ExtensibilityGlobals) = postSolution
		SolutionGuid = {FE1296E9-EABD-4836-9B19-D0DD738A27C0}
	EndGlobalSection
EndGlobal
